
Microsoft Visual Studio Solution File, Format Version 12.00
# Visual Studio Version 17
VisualStudioVersion = 17.4.33403.182
MinimumVisualStudioVersion = 10.0.40219.1
Project("{FAE04EC0-301F-11D3-BF4B-00C04F79EFBC}") = "CSharp_Basic", "CSharp_Basic\CSharp_Basic.csproj", "{26B3B116-DF9F-44EA-B05B-F28A851C9293}"
EndProject
Global
	GlobalSection(SolutionConfigurationPlatforms) = preSolution
		Debug|Any CPU = Debug|Any CPU
		Release|Any CPU = Release|Any CPU
	EndGlobalSection
	GlobalSection(ProjectConfigurationPlatforms) = postSolution
		{26B3B116-DF9F-44EA-B05B-F28A851C9293}.Debug|Any CPU.ActiveCfg = Debug|Any CPU
		{26B3B116-DF9F-44EA-B05B-F28A851C9293}.Debug|Any CPU.Build.0 = Debug|Any CPU
		{26B3B116-DF9F-44EA-B05B-F28A851C9293}.Release|Any CPU.ActiveCfg = Release|Any CPU
		{26B3B116-DF9F-44EA-B05B-F28A851C9293}.Release|Any CPU.Build.0 = Release|Any CPU
	EndGlobalSection
	GlobalSection(SolutionProperties) = preSolution
		HideSolutionNode = FALSE
	EndGlobalSection
	GlobalSection(ExtensibilityGlobals) = postSolution
		SolutionGuid = {2D923207-CCD0-4DB3-98BF-6AE2ED7798A8}
	EndGlobalSection
EndGlobal
